
Microsoft Visual Studio Solution File, Format Version 12.00
# Visual Studio 14
VisualStudioVersion = 14.0.24720.0
MinimumVisualStudioVersion = 10.0.40219.1
Project("{FAE04EC0-301F-11D3-BF4B-00C04F79EFBC}") = "NancySelfHosting", "NancySelfHosting\NancySelfHosting.csproj", "{35460AA4-B94A-4B64-9418-7243EC3D2F01}"
EndProject
Project("{FAE04EC0-301F-11D3-BF4B-00C04F79EFBC}") = "NancySelfHostingWithRazor", "NancySelfHostingWithRazor\NancySelfHostingWithRazor.csproj", "{68F5F5F3-B8BB-4911-875F-6F00AAE04EA6}"
EndProject
Project("{FAE04EC0-301F-11D3-BF4B-00C04F79EFBC}") = "NancyAspnetHostingWithRazor", "NancyAspnetHostingWithRazor\NancyAspnetHostingWithRazor.csproj", "{B4F9C525-5C56-440E-B4C2-972A33D7C8CD}"
EndProject
Project("{FAE04EC0-301F-11D3-BF4B-00C04F79EFBC}") = "NancyAspnetHosting", "NancyAspnetHosting\NancyAspnetHosting.csproj", "{ED638DD5-E755-4B7A-940D-5C94AB425686}"
EndProject
Project("{FAE04EC0-301F-11D3-BF4B-00C04F79EFBC}") = "NancySelfHostingMono", "NancySelfHostingMono\NancySelfHostingMono.csproj", "{868C4712-46B9-4F2E-942D-9DE2519854D2}"
EndProject
Global
	GlobalSection(SolutionConfigurationPlatforms) = preSolution
		Debug|Any CPU = Debug|Any CPU
		Release|Any CPU = Release|Any CPU
	EndGlobalSection
	GlobalSection(ProjectConfigurationPlatforms) = postSolution
		{35460AA4-B94A-4B64-9418-7243EC3D2F01}.Debug|Any CPU.ActiveCfg = Debug|Any CPU
		{35460AA4-B94A-4B64-9418-7243EC3D2F01}.Debug|Any CPU.Build.0 = Debug|Any CPU
		{35460AA4-B94A-4B64-9418-7243EC3D2F01}.Release|Any CPU.ActiveCfg = Release|Any CPU
		{35460AA4-B94A-4B64-9418-7243EC3D2F01}.Release|Any CPU.Build.0 = Release|Any CPU
		{68F5F5F3-B8BB-4911-875F-6F00AAE04EA6}.Debug|Any CPU.ActiveCfg = Debug|Any CPU
		{68F5F5F3-B8BB-4911-875F-6F00AAE04EA6}.Debug|Any CPU.Build.0 = Debug|Any CPU
		{68F5F5F3-B8BB-4911-875F-6F00AAE04EA6}.Release|Any CPU.ActiveCfg = Release|Any CPU
		{68F5F5F3-B8BB-4911-875F-6F00AAE04EA6}.Release|Any CPU.Build.0 = Release|Any CPU
		{B4F9C525-5C56-440E-B4C2-972A33D7C8CD}.Debug|Any CPU.ActiveCfg = Debug|Any CPU
		{B4F9C525-5C56-440E-B4C2-972A33D7C8CD}.Debug|Any CPU.Build.0 = Debug|Any CPU
		{B4F9C525-5C56-440E-B4C2-972A33D7C8CD}.Release|Any CPU.ActiveCfg = Release|Any CPU
		{B4F9C525-5C56-440E-B4C2-972A33D7C8CD}.Release|Any CPU.Build.0 = Release|Any CPU
		{ED638DD5-E755-4B7A-940D-5C94AB425686}.Debug|Any CPU.ActiveCfg = Debug|Any CPU
		{ED638DD5-E755-4B7A-940D-5C94AB425686}.Debug|Any CPU.Build.0 = Debug|Any CPU
		{ED638DD5-E755-4B7A-940D-5C94AB425686}.Release|Any CPU.ActiveCfg = Release|Any CPU
		{ED638DD5-E755-4B7A-940D-5C94AB425686}.Release|Any CPU.Build.0 = Release|Any CPU
		{868C4712-46B9-4F2E-942D-9DE2519854D2}.Debug|Any CPU.ActiveCfg = Debug|Any CPU
		{868C4712-46B9-4F2E-942D-9DE2519854D2}.Debug|Any CPU.Build.0 = Debug|Any CPU
		{868C4712-46B9-4F2E-942D-9DE2519854D2}.Release|Any CPU.ActiveCfg = Release|Any CPU
		{868C4712-46B9-4F2E-942D-9DE2519854D2}.Release|Any CPU.Build.0 = Release|Any CPU
	EndGlobalSection
	GlobalSection(SolutionProperties) = preSolution
		HideSolutionNode = FALSE
	EndGlobalSection
EndGlobal
